
Microsoft Visual Studio Solution File, Format Version 12.00
# Visual Studio Version 17
VisualStudioVersion = 17.13.35818.85 d17.13
MinimumVisualStudioVersion = 10.0.40219.1
Project("{FAE04EC0-301F-11D3-BF4B-00C04F79EFBC}") = "BookingSystem.Domain", "BookingSystem.Domain\BookingSystem.Domain.csproj", "{70797D54-88F4-454B-A316-725757D1004A}"
EndProject
Project("{FAE04EC0-301F-11D3-BF4B-00C04F79EFBC}") = "BookingSystem.Application", "BookingSystem.Application\BookingSystem.Application.csproj", "{8C9456D6-1718-4086-8B3B-F37231993A0B}"
EndProject
Project("{FAE04EC0-301F-11D3-BF4B-00C04F79EFBC}") = "BookingSystem.Infrastructure", "BookingSystem.Infrastructure\BookingSystem.Infrastructure.csproj", "{B5CB99A1-ED30-4319-8266-1EE16787ED17}"
EndProject
Project("{FAE04EC0-301F-11D3-BF4B-00C04F79EFBC}") = "BookingSystem.API", "BookingSystem.API\BookingSystem.API.csproj", "{ADBD877E-1CB8-47A5-B7AB-341D81525A92}"
EndProject
Global
	GlobalSection(SolutionConfigurationPlatforms) = preSolution
		Debug|Any CPU = Debug|Any CPU
		Release|Any CPU = Release|Any CPU
	EndGlobalSection
	GlobalSection(ProjectConfigurationPlatforms) = postSolution
		{70797D54-88F4-454B-A316-725757D1004A}.Debug|Any CPU.ActiveCfg = Debug|Any CPU
		{70797D54-88F4-454B-A316-725757D1004A}.Debug|Any CPU.Build.0 = Debug|Any CPU
		{70797D54-88F4-454B-A316-725757D1004A}.Release|Any CPU.ActiveCfg = Release|Any CPU
		{70797D54-88F4-454B-A316-725757D1004A}.Release|Any CPU.Build.0 = Release|Any CPU
		{8C9456D6-1718-4086-8B3B-F37231993A0B}.Debug|Any CPU.ActiveCfg = Debug|Any CPU
		{8C9456D6-1718-4086-8B3B-F37231993A0B}.Debug|Any CPU.Build.0 = Debug|Any CPU
		{8C9456D6-1718-4086-8B3B-F37231993A0B}.Release|Any CPU.ActiveCfg = Release|Any CPU
		{8C9456D6-1718-4086-8B3B-F37231993A0B}.Release|Any CPU.Build.0 = Release|Any CPU
		{B5CB99A1-ED30-4319-8266-1EE16787ED17}.Debug|Any CPU.ActiveCfg = Debug|Any CPU
		{B5CB99A1-ED30-4319-8266-1EE16787ED17}.Debug|Any CPU.Build.0 = Debug|Any CPU
		{B5CB99A1-ED30-4319-8266-1EE16787ED17}.Release|Any CPU.ActiveCfg = Release|Any CPU
		{B5CB99A1-ED30-4319-8266-1EE16787ED17}.Release|Any CPU.Build.0 = Release|Any CPU
		{ADBD877E-1CB8-47A5-B7AB-341D81525A92}.Debug|Any CPU.ActiveCfg = Debug|Any CPU
		{ADBD877E-1CB8-47A5-B7AB-341D81525A92}.Debug|Any CPU.Build.0 = Debug|Any CPU
		{ADBD877E-1CB8-47A5-B7AB-341D81525A92}.Release|Any CPU.ActiveCfg = Release|Any CPU
		{ADBD877E-1CB8-47A5-B7AB-341D81525A92}.Release|Any CPU.Build.0 = Release|Any CPU
	EndGlobalSection
	GlobalSection(SolutionProperties) = preSolution
		HideSolutionNode = FALSE
	EndGlobalSection
	GlobalSection(ExtensibilityGlobals) = postSolution
		SolutionGuid = {981110CF-3F99-425A-A641-2911B71D5E79}
	EndGlobalSection
EndGlobal
